
Microsoft Visual Studio Solution File, Format Version 12.00
# Visual Studio Version 16
VisualStudioVersion = 16.0.31410.357
MinimumVisualStudioVersion = 10.0.40219.1
Project("{9A19103F-16F7-4668-BE54-9A1E7A4F7556}") = "CatalogCars.Model", "CatalogCars.Model\CatalogCars.Model.csproj", "{69639E38-0A0D-48BA-B9E7-33EB1D1DDF1F}"
EndProject
Project("{9A19103F-16F7-4668-BE54-9A1E7A4F7556}") = "CatalogCars.Model.Tests", "CatalogCars.Model.Tests\CatalogCars.Model.Tests.csproj", "{A5CC919E-318E-42F0-A3D3-3D57F18CD17F}"
EndProject
Project("{9A19103F-16F7-4668-BE54-9A1E7A4F7556}") = "CatalogCars.Resource.Api", "CatalogCars.Resource.Api\CatalogCars.Resource.Api.csproj", "{2CB5A320-465C-450F-A800-8841B01326F3}"
EndProject
Project("{9A19103F-16F7-4668-BE54-9A1E7A4F7556}") = "CatalogCars.Authorization.Api", "CatalogCars.Authorization.Api\CatalogCars.Authorization.Api.csproj", "{9EFC1D0A-8E9A-4187-A213-8CE7F6632D18}"
EndProject
Project("{9A19103F-16F7-4668-BE54-9A1E7A4F7556}") = "CatalogCars.Authorization.Common", "CatalogCars.Authorization.Common\CatalogCars.Authorization.Common.csproj", "{556C1D2C-4405-4972-8D98-4DC0905B0040}"
EndProject
Project("{9A19103F-16F7-4668-BE54-9A1E7A4F7556}") = "CatalogCars.Authorization.Models", "CatalogCars.Authorization.Models\CatalogCars.Authorization.Models.csproj", "{87AA9F33-9692-4222-9A4B-9D5973720B3B}"
EndProject
Project("{9A19103F-16F7-4668-BE54-9A1E7A4F7556}") = "CatalogCars.Authorization.Requests", "CatalogCars.Authorization.Requests\CatalogCars.Authorization.Requests.csproj", "{91D45D73-5854-4DE9-B8D2-AEF3F2148EC8}"
EndProject
Project("{9A19103F-16F7-4668-BE54-9A1E7A4F7556}") = "CatalogCars.Model.Common", "CatalogCars.Model.Common\CatalogCars.Model.Common.csproj", "{5DE818E0-97A7-4E02-A459-2C804D920847}"
EndProject
Project("{9A19103F-16F7-4668-BE54-9A1E7A4F7556}") = "CatalogCars.Resource.Requests", "CatalogCars.Resource.Requests\CatalogCars.Resource.Requests.csproj", "{40A89691-1E3E-4307-BFF7-7AD3D44C4222}"
EndProject
Project("{9A19103F-16F7-4668-BE54-9A1E7A4F7556}") = "CatalogCars.DesktopApplication", "CatalogCars.DesktopApplication\CatalogCars.DesktopApplication.csproj", "{9BF3C9CA-0B02-4797-BC06-0B7C16344DF1}"
EndProject
Global
	GlobalSection(SolutionConfigurationPlatforms) = preSolution
		Debug|Any CPU = Debug|Any CPU
		Release|Any CPU = Release|Any CPU
	EndGlobalSection
	GlobalSection(ProjectConfigurationPlatforms) = postSolution
		{69639E38-0A0D-48BA-B9E7-33EB1D1DDF1F}.Debug|Any CPU.ActiveCfg = Debug|Any CPU
		{69639E38-0A0D-48BA-B9E7-33EB1D1DDF1F}.Debug|Any CPU.Build.0 = Debug|Any CPU
		{69639E38-0A0D-48BA-B9E7-33EB1D1DDF1F}.Release|Any CPU.ActiveCfg = Release|Any CPU
		{69639E38-0A0D-48BA-B9E7-33EB1D1DDF1F}.Release|Any CPU.Build.0 = Release|Any CPU
		{A5CC919E-318E-42F0-A3D3-3D57F18CD17F}.Debug|Any CPU.ActiveCfg = Debug|Any CPU
		{A5CC919E-318E-42F0-A3D3-3D57F18CD17F}.Debug|Any CPU.Build.0 = Debug|Any CPU
		{A5CC919E-318E-42F0-A3D3-3D57F18CD17F}.Release|Any CPU.ActiveCfg = Release|Any CPU
		{A5CC919E-318E-42F0-A3D3-3D57F18CD17F}.Release|Any CPU.Build.0 = Release|Any CPU
		{2CB5A320-465C-450F-A800-8841B01326F3}.Debug|Any CPU.ActiveCfg = Debug|Any CPU
		{2CB5A320-465C-450F-A800-8841B01326F3}.Debug|Any CPU.Build.0 = Debug|Any CPU
		{2CB5A320-465C-450F-A800-8841B01326F3}.Release|Any CPU.ActiveCfg = Release|Any CPU
		{2CB5A320-465C-450F-A800-8841B01326F3}.Release|Any CPU.Build.0 = Release|Any CPU
		{9EFC1D0A-8E9A-4187-A213-8CE7F6632D18}.Debug|Any CPU.ActiveCfg = Debug|Any CPU
		{9EFC1D0A-8E9A-4187-A213-8CE7F6632D18}.Debug|Any CPU.Build.0 = Debug|Any CPU
		{9EFC1D0A-8E9A-4187-A213-8CE7F6632D18}.Release|Any CPU.ActiveCfg = Release|Any CPU
		{9EFC1D0A-8E9A-4187-A213-8CE7F6632D18}.Release|Any CPU.Build.0 = Release|Any CPU
		{556C1D2C-4405-4972-8D98-4DC0905B0040}.Debug|Any CPU.ActiveCfg = Debug|Any CPU
		{556C1D2C-4405-4972-8D98-4DC0905B0040}.Debug|Any CPU.Build.0 = Debug|Any CPU
		{556C1D2C-4405-4972-8D98-4DC0905B0040}.Release|Any CPU.ActiveCfg = Release|Any CPU
		{556C1D2C-4405-4972-8D98-4DC0905B0040}.Release|Any CPU.Build.0 = Release|Any CPU
		{87AA9F33-9692-4222-9A4B-9D5973720B3B}.Debug|Any CPU.ActiveCfg = Debug|Any CPU
		{87AA9F33-9692-4222-9A4B-9D5973720B3B}.Debug|Any CPU.Build.0 = Debug|Any CPU
		{87AA9F33-9692-4222-9A4B-9D5973720B3B}.Release|Any CPU.ActiveCfg = Release|Any CPU
		{87AA9F33-9692-4222-9A4B-9D5973720B3B}.Release|Any CPU.Build.0 = Release|Any CPU
		{91D45D73-5854-4DE9-B8D2-AEF3F2148EC8}.Debug|Any CPU.ActiveCfg = Debug|Any CPU
		{91D45D73-5854-4DE9-B8D2-AEF3F2148EC8}.Debug|Any CPU.Build.0 = Debug|Any CPU
		{91D45D73-5854-4DE9-B8D2-AEF3F2148EC8}.Release|Any CPU.ActiveCfg = Release|Any CPU
		{91D45D73-5854-4DE9-B8D2-AEF3F2148EC8}.Release|Any CPU.Build.0 = Release|Any CPU
		{5DE818E0-97A7-4E02-A459-2C804D920847}.Debug|Any CPU.ActiveCfg = Debug|Any CPU
		{5DE818E0-97A7-4E02-A459-2C804D920847}.Debug|Any CPU.Build.0 = Debug|Any CPU
		{5DE818E0-97A7-4E02-A459-2C804D920847}.Release|Any CPU.ActiveCfg = Release|Any CPU
		{5DE818E0-97A7-4E02-A459-2C804D920847}.Release|Any CPU.Build.0 = Release|Any CPU
		{40A89691-1E3E-4307-BFF7-7AD3D44C4222}.Debug|Any CPU.ActiveCfg = Debug|Any CPU
		{40A89691-1E3E-4307-BFF7-7AD3D44C4222}.Debug|Any CPU.Build.0 = Debug|Any CPU
		{40A89691-1E3E-4307-BFF7-7AD3D44C4222}.Release|Any CPU.ActiveCfg = Release|Any CPU
		{40A89691-1E3E-4307-BFF7-7AD3D44C4222}.Release|Any CPU.Build.0 = Release|Any CPU
		{9BF3C9CA-0B02-4797-BC06-0B7C16344DF1}.Debug|Any CPU.ActiveCfg = Debug|Any CPU
		{9BF3C9CA-0B02-4797-BC06-0B7C16344DF1}.Debug|Any CPU.Build.0 = Debug|Any CPU
		{9BF3C9CA-0B02-4797-BC06-0B7C16344DF1}.Release|Any CPU.ActiveCfg = Release|Any CPU
		{9BF3C9CA-0B02-4797-BC06-0B7C16344DF1}.Release|Any CPU.Build.0 = Release|Any CPU
	EndGlobalSection
	GlobalSection(SolutionProperties) = preSolution
		HideSolutionNode = FALSE
	EndGlobalSection
	GlobalSection(ExtensibilityGlobals) = postSolution
		SolutionGuid = {D52E6BB3-E7E8-4BF1-8024-8B9F1494E9EE}
	EndGlobalSection
EndGlobal
