
Microsoft Visual Studio Solution File, Format Version 12.00
# Visual Studio Version 16
VisualStudioVersion = 16.0.31410.357
MinimumVisualStudioVersion = 10.0.40219.1
Project("{9A19103F-16F7-4668-BE54-9A1E7A4F7556}") = "CatalogCars.Model", "CatalogCars.Model\CatalogCars.Model.csproj", "{69639E38-0A0D-48BA-B9E7-33EB1D1DDF1F}"
EndProject
Project("{FAE04EC0-301F-11D3-BF4B-00C04F79EFBC}") = "CatalogCars.Model.Tests", "CatalogCars.Model.Tests\CatalogCars.Model.Tests.csproj", "{A5CC919E-318E-42F0-A3D3-3D57F18CD17F}"
EndProject
Global
	GlobalSection(SolutionConfigurationPlatforms) = preSolution
		Debug|Any CPU = Debug|Any CPU
		Release|Any CPU = Release|Any CPU
	EndGlobalSection
	GlobalSection(ProjectConfigurationPlatforms) = postSolution
		{69639E38-0A0D-48BA-B9E7-33EB1D1DDF1F}.Debug|Any CPU.ActiveCfg = Debug|Any CPU
		{69639E38-0A0D-48BA-B9E7-33EB1D1DDF1F}.Debug|Any CPU.Build.0 = Debug|Any CPU
		{69639E38-0A0D-48BA-B9E7-33EB1D1DDF1F}.Release|Any CPU.ActiveCfg = Release|Any CPU
		{69639E38-0A0D-48BA-B9E7-33EB1D1DDF1F}.Release|Any CPU.Build.0 = Release|Any CPU
		{A5CC919E-318E-42F0-A3D3-3D57F18CD17F}.Debug|Any CPU.ActiveCfg = Debug|Any CPU
		{A5CC919E-318E-42F0-A3D3-3D57F18CD17F}.Debug|Any CPU.Build.0 = Debug|Any CPU
		{A5CC919E-318E-42F0-A3D3-3D57F18CD17F}.Release|Any CPU.ActiveCfg = Release|Any CPU
		{A5CC919E-318E-42F0-A3D3-3D57F18CD17F}.Release|Any CPU.Build.0 = Release|Any CPU
	EndGlobalSection
	GlobalSection(SolutionProperties) = preSolution
		HideSolutionNode = FALSE
	EndGlobalSection
	GlobalSection(ExtensibilityGlobals) = postSolution
		SolutionGuid = {D52E6BB3-E7E8-4BF1-8024-8B9F1494E9EE}
	EndGlobalSection
EndGlobal
